<?xml version="1.0" encoding="utf-8"?>
<Project ToolsVersion="4.0" xmlns="http://schemas.microsoft.com/developer/msbuild/2003">
  <ItemGroup>
    <Filter Include="Production">
      <UniqueIdentifier>{ffa25b24-e559-4588-9c47-4a648feb675f}</UniqueIdentifier>
    </Filter>
    <Filter Include="Production\Header Files">
      <UniqueIdentifier>{93995380-89BD-4b04-88EB-625FBE52EBFB}</UniqueIdentifier>
      <Extensions>h;hpp;hxx;hm;inl;inc;xsd</Extensions>
    </Filter>
    <Filter Include="Production\Source Files">
      <UniqueIdentifier>{4FC737F1-C7A5-4376-A066-2A32D752A2FF}</UniqueIdentifier>
      <Extensions>cpp;c;cc;cxx;def;odl;idl;hpj;bat;asm;asmx</Extensions>
    </Filter>
    <Filter Include="Unit Testing">
      <UniqueIdentifier>{2ddbf338-d3a7-4c3d-af24-88ab048e8f9f}</UniqueIdentifier>
    </Filter>
    <Filter Include="Unit Testing\Mocks">
      <UniqueIdentifier>{ad604ad7-ee4a-4c77-bb2a-457e7e868203}</UniqueIdentifier>
    </Filter>
    <Filter Include="Unit Testing\Mocks\Header Files">
      <UniqueIdentifier>{58bb382a-9ed0-4b26-abee-a1e1cd199949}</UniqueIdentifier>
    </Filter>
    <Filter Include="Unit Testing\Mocks\Source Files">
      <UniqueIdentifier>{d255acd1-6aa5-48c4-8007-7d30350f8657}</UniqueIdentifier>
    </Filter>
    <Filter Include="Unit Testing\Tests">
      <UniqueIdentifier>{c3e54b6c-5f36-4b96-ae94-6032cf723712}</UniqueIdentifier>
    </Filter>
    <Filter Include="Unit Testing\Tests\Header Files">
      <UniqueIdentifier>{1eb8fce8-3c4c-4bc6-9b9a-44f09db2bb65}</UniqueIdentifier>
    </Filter>
    <Filter Include="Unit Testing\Tests\Source Files">
      <UniqueIdentifier>{8e7af2f4-3b1f-450a-9539-1e496b895a79}</UniqueIdentifier>
    </Filter>
    <Filter Include="Unit Testing\MFG">
      <UniqueIdentifier>{07f63fa1-eb38-443f-b927-46ac0b605ef8}</UniqueIdentifier>
    </Filter>
  </ItemGroup>
  <ItemGroup>
    <ClInclude Include="..\DownloadThread.h">
      <Filter>Production\Header Files</Filter>
    </ClInclude>
    <ClInclude Include="..\LicenseThread.h">
      <Filter>Production\Header Files</Filter>
    </ClInclude>
    <ClInclude Include="..\MainThread.h">
      <Filter>Production\Header Files</Filter>
    </ClInclude>
    <ClInclude Include="..\..\..\Common\Include\tests\mfg_afx.h">
      <Filter>Production\Header Files</Filter>
    </ClInclude>
    <ClInclude Include="..\MtaConfig.h">
      <Filter>Production\Header Files</Filter>
    </ClInclude>
    <ClInclude Include="..\ProcessMessage.h">
      <Filter>Production\Header Files</Filter>
    </ClInclude>
    <ClInclude Include="..\Reports.h">
      <Filter>Production\Header Files</Filter>
    </ClInclude>
    <ClInclude Include="..\..\fmgwinetres\resource.h">
      <Filter>Production\Header Files</Filter>
    </ClInclude>
    <ClInclude Include="..\StatusInterface.h">
      <Filter>Production\Header Files</Filter>
    </ClInclude>
    <ClInclude Include="..\StatusListCtrl.h">
      <Filter>Production\Header Files</Filter>
    </ClInclude>
    <ClInclude Include="..\..\..\Common\Include\StringEncryption.h">
      <Filter>Production\Header Files</Filter>
    </ClInclude>
    <ClInclude Include="..\..\..\Common\Include\tests\TelStore.mock.h">
      <Filter>Production\Header Files</Filter>
    </ClInclude>
    <ClInclude Include="..\Templates.h">
      <Filter>Production\Header Files</Filter>
    </ClInclude>
    <ClInclude Include="..\UserInfo.h">
      <Filter>Production\Header Files</Filter>
    </ClInclude>
    <ClInclude Include="..\Utilities.h">
      <Filter>Production\Header Files</Filter>
    </ClInclude>
    <ClInclude Include="..\WinServiceApp.h">
      <Filter>Production\Header Files</Filter>
    </ClInclude>
    <ClInclude Include="..\XMLAPI.h">
      <Filter>Production\Header Files</Filter>
    </ClInclude>
    <ClInclude Include="stdafx.h">
      <Filter>Unit Testing</Filter>
    </ClInclude>
    <ClInclude Include="UnitTesting.h">
      <Filter>Unit Testing</Filter>
    </ClInclude>
    <ClInclude Include="CUtilities_mock.h">
      <Filter>Unit Testing\Mocks\Header Files</Filter>
    </ClInclude>
    <ClInclude Include="mocks.h">
      <Filter>Unit Testing\Mocks\Header Files</Filter>
    </ClInclude>
    <ClInclude Include="DownloadThread.Tests.h">
      <Filter>Unit Testing\Tests\Header Files</Filter>
    </ClInclude>
    <ClInclude Include="LicenseThread.tests.h">
      <Filter>Unit Testing\Tests\Header Files</Filter>
    </ClInclude>
    <ClInclude Include="MainThread.tests.h">
      <Filter>Unit Testing\Tests\Header Files</Filter>
    </ClInclude>
    <ClInclude Include="Reports.tests.h">
      <Filter>Unit Testing\Tests\Header Files</Filter>
    </ClInclude>
    <ClInclude Include="RSxMessage.Tests.h">
      <Filter>Unit Testing\Tests\Header Files</Filter>
    </ClInclude>
    <ClInclude Include="UploadThread.Tests.h">
      <Filter>Unit Testing\Tests\Header Files</Filter>
    </ClInclude>
    <ClInclude Include="Utilities.Tests.h">
      <Filter>Unit Testing\Tests\Header Files</Filter>
    </ClInclude>
    <ClInclude Include="XMLAPI.Tests.h">
      <Filter>Unit Testing\Tests\Header Files</Filter>
    </ClInclude>
    <ClInclude Include="..\..\..\Common\Include\tests\mfg.h">
      <Filter>Unit Testing\MFG</Filter>
    </ClInclude>
    <ClInclude Include="..\..\..\Common\Include\tests\mfg_gfikey_decoder.h">
      <Filter>Unit Testing\MFG</Filter>
    </ClInclude>
    <ClInclude Include="..\..\..\Common\Include\tests\mfg_htmlslayer.h">
      <Filter>Unit Testing\MFG</Filter>
    </ClInclude>
  </ItemGroup>
  <ItemGroup>
    <ClCompile Include="..\DownloadThread.cpp">
      <Filter>Production\Source Files</Filter>
    </ClCompile>
    <ClCompile Include="..\..\..\Common\Source\EmailMessage.cpp">
      <Filter>Production\Source Files</Filter>
    </ClCompile>
    <ClCompile Include="..\EmailMessageEx.cpp">
      <Filter>Production\Source Files</Filter>
    </ClCompile>
    <ClCompile Include="..\LicenseThread.cpp">
      <Filter>Production\Source Files</Filter>
    </ClCompile>
    <ClCompile Include="..\localmfg.cpp">
      <Filter>Production\Source Files</Filter>
    </ClCompile>
    <ClCompile Include="..\MainThread.cpp">
      <Filter>Production\Source Files</Filter>
    </ClCompile>
    <ClCompile Include="..\..\..\Common\Source\mfg.cpp">
      <Filter>Production\Source Files</Filter>
    </ClCompile>
    <ClCompile Include="..\..\..\Common\Source\mfg_afx.cpp">
      <Filter>Production\Source Files</Filter>
    </ClCompile>
    <ClCompile Include="..\..\..\Common\Source\mfg_callhome.cpp">
      <Filter>Production\Source Files</Filter>
    </ClCompile>
    <ClCompile Include="..\..\..\Common\Source\mfg_gfikey_decoder.cpp">
      <Filter>Production\Source Files</Filter>
    </ClCompile>
    <ClCompile Include="..\..\..\Common\Source\mfg_htmlslayer.cpp">
      <Filter>Production\Source Files</Filter>
    </ClCompile>
    <ClCompile Include="..\MtaConfig.cpp">
      <Filter>Production\Source Files</Filter>
    </ClCompile>
    <ClCompile Include="..\Reports.cpp">
      <Filter>Production\Source Files</Filter>
    </ClCompile>
    <ClCompile Include="..\RSxMessage.cpp">
      <Filter>Production\Source Files</Filter>
    </ClCompile>
    <ClCompile Include="..\StatusInterface.cpp">
      <Filter>Production\Source Files</Filter>
    </ClCompile>
    <ClCompile Include="..\StatusListCtrl.cpp">
      <Filter>Production\Source Files</Filter>
    </ClCompile>
    <ClCompile Include="..\StreamOnFile.cpp">
      <Filter>Production\Source Files</Filter>
    </ClCompile>
    <ClCompile Include="..\..\..\Common\Source\StringEncryption.cpp">
      <Filter>Production\Source Files</Filter>
    </ClCompile>
    <ClCompile Include="..\Templates.cpp">
      <Filter>Production\Source Files</Filter>
    </ClCompile>
    <ClCompile Include="..\..\..\Common\Source\TextReader.cpp">
      <Filter>Production\Source Files</Filter>
    </ClCompile>
    <ClCompile Include="..\..\..\Common\Source\TextWriter.cpp">
      <Filter>Production\Source Files</Filter>
    </ClCompile>
    <ClCompile Include="..\thinthrd.cpp">
      <Filter>Production\Source Files</Filter>
    </ClCompile>
    <ClCompile Include="..\UploadThread.cpp">
      <Filter>Production\Source Files</Filter>
    </ClCompile>
    <ClCompile Include="..\UserInfo.cpp">
      <Filter>Production\Source Files</Filter>
    </ClCompile>
    <ClCompile Include="..\Utilities.cpp">
      <Filter>Production\Source Files</Filter>
    </ClCompile>
    <ClCompile Include="..\WinServiceApp.cpp">
      <Filter>Production\Source Files</Filter>
    </ClCompile>
    <ClCompile Include="..\XMLAPI.cpp">
      <Filter>Production\Source Files</Filter>
    </ClCompile>
    <ClCompile Include="stdafx.cpp">
      <Filter>Unit Testing</Filter>
    </ClCompile>
    <ClCompile Include="CUtilities_mock.cpp">
      <Filter>Unit Testing\Mocks\Source Files</Filter>
    </ClCompile>
    <ClCompile Include="mocks.cpp">
      <Filter>Unit Testing\Mocks\Source Files</Filter>
    </ClCompile>
    <ClCompile Include="stubs.cpp">
      <Filter>Unit Testing\Mocks\Source Files</Filter>
    </ClCompile>
    <ClCompile Include="DownloadThread.Tests.cpp">
      <Filter>Unit Testing\Tests\Source Files</Filter>
    </ClCompile>
    <ClCompile Include="fmgwinet.Tests.cpp">
      <Filter>Unit Testing\Tests\Source Files</Filter>
    </ClCompile>
    <ClCompile Include="GSMThread.Tests.cpp">
      <Filter>Unit Testing\Tests\Source Files</Filter>
    </ClCompile>
    <ClCompile Include="LicenseThread.tests.cpp">
      <Filter>Unit Testing\Tests\Source Files</Filter>
    </ClCompile>
    <ClCompile Include="MainThread.tests.cpp">
      <Filter>Unit Testing\Tests\Source Files</Filter>
    </ClCompile>
    <ClCompile Include="Reports.tests.cpp">
      <Filter>Unit Testing\Tests\Source Files</Filter>
    </ClCompile>
    <ClCompile Include="RSxMessage.Tests.cpp">
      <Filter>Unit Testing\Tests\Source Files</Filter>
    </ClCompile>
    <ClCompile Include="UploadThread.Tests.cpp">
      <Filter>Unit Testing\Tests\Source Files</Filter>
    </ClCompile>
    <ClCompile Include="Utilities.Tests.cpp">
      <Filter>Unit Testing\Tests\Source Files</Filter>
    </ClCompile>
    <ClCompile Include="XMLAPI.Tests.cpp">
      <Filter>Unit Testing\Tests\Source Files</Filter>
    </ClCompile>
  </ItemGroup>
  <ItemGroup>
    <None Include="packages.config" />
  </ItemGroup>
</Project>