<?xml version="1.0" encoding="utf-8"?>
<Project ToolsVersion="4.0" xmlns="http://schemas.microsoft.com/developer/msbuild/2003">
  <ItemGroup>
    <Filter Include="Unit Testing">
      <UniqueIdentifier>{90a26642-3d36-439b-b227-1cd881e0ff15}</UniqueIdentifier>
    </Filter>
    <Filter Include="Unit Testing\MFG">
      <UniqueIdentifier>{855e4d98-83ff-49f8-89e4-89c1cda55802}</UniqueIdentifier>
    </Filter>
    <Filter Include="Unit Testing\Tests">
      <UniqueIdentifier>{03a8b47d-8578-4639-9958-925a3afd28b7}</UniqueIdentifier>
    </Filter>
    <Filter Include="Unit Testing\Tests\Source Files">
      <UniqueIdentifier>{147794d3-f5e1-4178-a5bb-8653e9919fa1}</UniqueIdentifier>
    </Filter>
    <Filter Include="Unit Testing\Tests\Header Files">
      <UniqueIdentifier>{38239fc6-c754-4fb2-a7d9-303444651a29}</UniqueIdentifier>
    </Filter>
    <Filter Include="Unit Testing\Mocks">
      <UniqueIdentifier>{49bec2b3-67b4-4410-8f56-aa6b074725b8}</UniqueIdentifier>
    </Filter>
    <Filter Include="Production">
      <UniqueIdentifier>{943346db-e8a1-4f37-a93d-ec669c2c3089}</UniqueIdentifier>
    </Filter>
    <Filter Include="Production\Header Files">
      <UniqueIdentifier>{93995380-89BD-4b04-88EB-625FBE52EBFB}</UniqueIdentifier>
      <Extensions>h;hpp;hxx;hm;inl;inc;xsd</Extensions>
    </Filter>
    <Filter Include="Production\Source Files">
      <UniqueIdentifier>{4FC737F1-C7A5-4376-A066-2A32D752A2FF}</UniqueIdentifier>
      <Extensions>cpp;c;cc;cxx;def;odl;idl;hpj;bat;asm;asmx</Extensions>
    </Filter>
  </ItemGroup>
  <ItemGroup>
    <ClInclude Include="stdafx.h">
      <Filter>Unit Testing</Filter>
    </ClInclude>
    <ClInclude Include="..\..\..\Common\Include\tests\mfg.h">
      <Filter>Unit Testing\MFG</Filter>
    </ClInclude>
    <ClInclude Include="textapi.Test.h">
      <Filter>Unit Testing\Tests\Header Files</Filter>
    </ClInclude>
    <ClInclude Include="mocks.h">
      <Filter>Unit Testing\Mocks</Filter>
    </ClInclude>
    <ClInclude Include="..\..\..\Common\Include\textapi.h">
      <Filter>Production\Header Files</Filter>
    </ClInclude>
    <ClInclude Include="..\Utils.h">
      <Filter>Production\Header Files</Filter>
    </ClInclude>
  </ItemGroup>
  <ItemGroup>
    <ClCompile Include="..\..\..\Common\Source\mfg_callhome.cpp">
      <Filter>Unit Testing\MFG</Filter>
    </ClCompile>
    <ClCompile Include="..\..\..\Common\Source\mfg_gfikey_decoder.cpp">
      <Filter>Unit Testing\MFG</Filter>
    </ClCompile>
    <ClCompile Include="..\..\..\Common\Source\mfg_htmlslayer.cpp">
      <Filter>Unit Testing\MFG</Filter>
    </ClCompile>
    <ClCompile Include="..\..\..\Common\Source\mfg_userutil.cpp">
      <Filter>Unit Testing\MFG</Filter>
    </ClCompile>
    <ClCompile Include="textapi.Test.cpp">
      <Filter>Unit Testing\Tests\Source Files</Filter>
    </ClCompile>
    <ClCompile Include="Utils.Test.cpp">
      <Filter>Unit Testing\Tests\Source Files</Filter>
    </ClCompile>
    <ClCompile Include="..\..\..\Common\Source\mfg.cpp">
      <Filter>Production\Source Files</Filter>
    </ClCompile>
    <ClCompile Include="stdafx.cpp">
      <Filter>Production\Source Files</Filter>
    </ClCompile>
    <ClCompile Include="..\textapi.cpp">
      <Filter>Production\Source Files</Filter>
    </ClCompile>
    <ClCompile Include="..\..\..\Common\Source\TextReader.cpp">
      <Filter>Production\Source Files</Filter>
    </ClCompile>
    <ClCompile Include="..\..\..\Common\Source\TextWriter.cpp">
      <Filter>Production\Source Files</Filter>
    </ClCompile>
    <ClCompile Include="..\Utils.cpp">
      <Filter>Production\Source Files</Filter>
    </ClCompile>
  </ItemGroup>
  <ItemGroup>
    <None Include="packages.config" />
  </ItemGroup>
</Project>